
Microsoft Visual Studio Solution File, Format Version 9.00
# Visual Studio 2005
Project("{8BC9CEB8-8B4A-11D0-8D11-00A0C91BC942}") = "client.RsPlayer", "RsPlayer_08.vcproj", "{ED6E80E1-75BF-42A9-A07C-9C7B63F86B80}"
	ProjectSection(ProjectDependencies) = postProject
		{30605901-2E6D-4BAA-9FE9-6771DFB781CA} = {30605901-2E6D-4BAA-9FE9-6771DFB781CA}
	EndProjectSection
EndProject
Project("{8BC9CEB8-8B4A-11D0-8D11-00A0C91BC942}") = "adaptor.LkPlayer", "..\..\adaptor\LkPlayer\LkPlayer_08.vcproj", "{3D69FF0C-BA48-4960-A5CA-C75366C3E52A}"
EndProject
Project("{8BC9CEB8-8B4A-11D0-8D11-00A0C91BC942}") = "adaptor.vDevAdaptor", "..\..\adaptor\vDevAdaptor\vDevAdaptor_08.vcproj", "{A02FE5CD-0E5E-4341-83D9-28637F763F58}"
EndProject
Project("{8BC9CEB8-8B4A-11D0-8D11-00A0C91BC942}") = "common.DeviceManager", "..\..\adaptor\deviceManager\DeviceManager_08.vcproj", "{30605901-2E6D-4BAA-9FE9-6771DFB781CA}"
EndProject
Global
	GlobalSection(SolutionConfigurationPlatforms) = preSolution
		Debug|Win32 = Debug|Win32
		Release|Win32 = Release|Win32
	EndGlobalSection
	GlobalSection(ProjectConfigurationPlatforms) = postSolution
		{ED6E80E1-75BF-42A9-A07C-9C7B63F86B80}.Debug|Win32.ActiveCfg = Debug|Win32
		{ED6E80E1-75BF-42A9-A07C-9C7B63F86B80}.Debug|Win32.Build.0 = Debug|Win32
		{ED6E80E1-75BF-42A9-A07C-9C7B63F86B80}.Release|Win32.ActiveCfg = Release|Win32
		{ED6E80E1-75BF-42A9-A07C-9C7B63F86B80}.Release|Win32.Build.0 = Release|Win32
		{3D69FF0C-BA48-4960-A5CA-C75366C3E52A}.Debug|Win32.ActiveCfg = Debug|Win32
		{3D69FF0C-BA48-4960-A5CA-C75366C3E52A}.Debug|Win32.Build.0 = Debug|Win32
		{3D69FF0C-BA48-4960-A5CA-C75366C3E52A}.Release|Win32.ActiveCfg = Release|Win32
		{3D69FF0C-BA48-4960-A5CA-C75366C3E52A}.Release|Win32.Build.0 = Release|Win32
		{A02FE5CD-0E5E-4341-83D9-28637F763F58}.Debug|Win32.ActiveCfg = Debug|Win32
		{A02FE5CD-0E5E-4341-83D9-28637F763F58}.Debug|Win32.Build.0 = Debug|Win32
		{A02FE5CD-0E5E-4341-83D9-28637F763F58}.Release|Win32.ActiveCfg = Release|Win32
		{A02FE5CD-0E5E-4341-83D9-28637F763F58}.Release|Win32.Build.0 = Release|Win32
		{30605901-2E6D-4BAA-9FE9-6771DFB781CA}.Debug|Win32.ActiveCfg = Debug|Win32
		{30605901-2E6D-4BAA-9FE9-6771DFB781CA}.Debug|Win32.Build.0 = Debug|Win32
		{30605901-2E6D-4BAA-9FE9-6771DFB781CA}.Release|Win32.ActiveCfg = Release|Win32
		{30605901-2E6D-4BAA-9FE9-6771DFB781CA}.Release|Win32.Build.0 = Release|Win32
	EndGlobalSection
	GlobalSection(SolutionProperties) = preSolution
		HideSolutionNode = FALSE
	EndGlobalSection
	GlobalSection(DPCodeReviewSolutionGUID) = preSolution
		DPCodeReviewSolutionGUID = {00000000-0000-0000-0000-000000000000}
	EndGlobalSection
EndGlobal
