
Microsoft Visual Studio Solution File, Format Version 9.00
# Visual Studio 2005
Project("{8BC9CEB8-8B4A-11D0-8D11-00A0C91BC942}") = "common.Msg", "Msg_10.vcproj", "{CD510D06-12B2-4CC6-A949-7426E69ACCCF}"
EndProject
Global
	GlobalSection(SolutionConfigurationPlatforms) = preSolution
		Debug|Win32 = Debug|Win32
		Release|Win32 = Release|Win32
	EndGlobalSection
	GlobalSection(ProjectConfigurationPlatforms) = postSolution
		{CD510D06-12B2-4CC6-A949-7426E69ACCCF}.Debug|Win32.ActiveCfg = Debug|Win32
		{CD510D06-12B2-4CC6-A949-7426E69ACCCF}.Debug|Win32.Build.0 = Debug|Win32
		{CD510D06-12B2-4CC6-A949-7426E69ACCCF}.Release|Win32.ActiveCfg = Release|Win32
		{CD510D06-12B2-4CC6-A949-7426E69ACCCF}.Release|Win32.Build.0 = Release|Win32
	EndGlobalSection
	GlobalSection(SolutionProperties) = preSolution
		HideSolutionNode = FALSE
	EndGlobalSection
EndGlobal
