<?xml version="1.0" encoding="utf-8"?>
<Project ToolsVersion="4.0" xmlns="http://schemas.microsoft.com/developer/msbuild/2003">
  <ItemGroup>
    <Filter Include="Source Files">
      <UniqueIdentifier>{9213faf2-0ee2-4403-8f5e-7698755b7328}</UniqueIdentifier>
      <Extensions>cpp;c;cxx;rc;def;r;odl;idl;hpj;bat</Extensions>
    </Filter>
    <Filter Include="Header Files">
      <UniqueIdentifier>{b76285fb-95e3-4422-9136-36b078669edc}</UniqueIdentifier>
      <Extensions>h;hpp;hxx;hm;inl</Extensions>
    </Filter>
  </ItemGroup>
  <ItemGroup>
    <ClCompile Include="IniReader2.cpp">
      <Filter>Source Files</Filter>
    </ClCompile>
    <ClCompile Include="rsPrintf.cpp">
      <Filter>Source Files</Filter>
    </ClCompile>
    <ClCompile Include="RsRTPUtility.cpp">
      <Filter>Source Files</Filter>
    </ClCompile>
    <ClCompile Include="RsRTSPUtility.cpp">
      <Filter>Source Files</Filter>
    </ClCompile>
    <ClCompile Include="StdAfx.cpp">
      <Filter>Source Files</Filter>
    </ClCompile>
  </ItemGroup>
  <ItemGroup>
    <ClInclude Include="..\..\..\include\utility\IniReader2.h">
      <Filter>Header Files</Filter>
    </ClInclude>
    <ClInclude Include="RsDVRDesc.h">
      <Filter>Header Files</Filter>
    </ClInclude>
    <ClInclude Include="RsRTPUtility.h">
      <Filter>Header Files</Filter>
    </ClInclude>
    <ClInclude Include="RsRTSPUtility.h">
      <Filter>Header Files</Filter>
    </ClInclude>
    <ClInclude Include="StdAfx.h">
      <Filter>Header Files</Filter>
    </ClInclude>
  </ItemGroup>
  <ItemGroup>
    <None Include="Readme.txt" />
  </ItemGroup>
</Project>