<?xml version="1.0" encoding="utf-8"?>
<Project ToolsVersion="4.0" xmlns="http://schemas.microsoft.com/developer/msbuild/2003">
  <ItemGroup>
    <Filter Include="Source Files">
      <UniqueIdentifier>{2cd002e2-6e3d-41ef-a7bc-fbe8be1a61c0}</UniqueIdentifier>
      <Extensions>cpp;c;cxx;rc;def;r;odl;idl;hpj;bat</Extensions>
    </Filter>
    <Filter Include="Header Files">
      <UniqueIdentifier>{5aebb228-4c19-428c-bb07-08560ab533d7}</UniqueIdentifier>
      <Extensions>h;hpp;hxx;hm;inl</Extensions>
    </Filter>
    <Filter Include="Resource Files">
      <UniqueIdentifier>{09e7e9e2-8be6-4429-91fb-3ac327ca25ff}</UniqueIdentifier>
      <Extensions>ico;cur;bmp;dlg;rc2;rct;bin;rgs;gif;jpg;jpeg;jpe</Extensions>
    </Filter>
    <Filter Include="External">
      <UniqueIdentifier>{a1e24591-e5fa-42a6-a387-a28bc0531359}</UniqueIdentifier>
    </Filter>
  </ItemGroup>
  <ItemGroup>
    <ClCompile Include="AdaptorModule.cpp">
      <Filter>Source Files</Filter>
    </ClCompile>
    <ClCompile Include="AdaptorModuleImp.cpp">
      <Filter>Source Files</Filter>
    </ClCompile>
    <ClCompile Include="ChanInfo.cpp">
      <Filter>Source Files</Filter>
    </ClCompile>
    <ClCompile Include="ChannelElem_4_Channel_S_map.cpp">
      <Filter>Source Files</Filter>
    </ClCompile>
    <ClCompile Include="ChannelSharedMapping.cpp">
      <Filter>Source Files</Filter>
    </ClCompile>
    <ClCompile Include="ConnectionElem.cpp">
      <Filter>Source Files</Filter>
    </ClCompile>
    <ClCompile Include="ModuleAdaptor.cpp">
      <Filter>Source Files</Filter>
    </ClCompile>
    <ClCompile Include="ModuleFunction.cpp">
      <Filter>Source Files</Filter>
    </ClCompile>
    <ClCompile Include="QTSSLogging.cpp">
      <Filter>Source Files</Filter>
    </ClCompile>
    <ClCompile Include="StreamPackager.cpp">
      <Filter>Source Files</Filter>
    </ClCompile>
  </ItemGroup>
  <ItemGroup>
    <ClInclude Include="AdaptorModule.h">
      <Filter>Header Files</Filter>
    </ClInclude>
    <ClInclude Include="AdaptorModuleImp.h">
      <Filter>Header Files</Filter>
    </ClInclude>
    <ClInclude Include="ChanInfo.h">
      <Filter>Header Files</Filter>
    </ClInclude>
    <ClInclude Include="ChannelElem_4_Channel_S_map.h">
      <Filter>Header Files</Filter>
    </ClInclude>
    <ClInclude Include="ChannelSharedMapping.h">
      <Filter>Header Files</Filter>
    </ClInclude>
    <ClInclude Include="ConnectionElem.h">
      <Filter>Header Files</Filter>
    </ClInclude>
    <ClInclude Include="ModuleAdaptor.h">
      <Filter>Header Files</Filter>
    </ClInclude>
    <ClInclude Include="ModuleFunction.h">
      <Filter>Header Files</Filter>
    </ClInclude>
    <ClInclude Include="QTSSLogging.h">
      <Filter>Header Files</Filter>
    </ClInclude>
    <ClInclude Include="StreamingServerFiles.h">
      <Filter>Header Files</Filter>
    </ClInclude>
    <ClInclude Include="StreamPackager.h">
      <Filter>Header Files</Filter>
    </ClInclude>
  </ItemGroup>
  <ItemGroup>
    <ResourceCompile Include="AdaptorModule.rc">
      <Filter>Resource Files</Filter>
    </ResourceCompile>
  </ItemGroup>
  <ItemGroup>
    <None Include="ReadMe.txt" />
  </ItemGroup>
</Project>