<?xml version="1.0" encoding="utf-8"?>
<Project ToolsVersion="4.0" xmlns="http://schemas.microsoft.com/developer/msbuild/2003">
  <ItemGroup>
    <Filter Include="Source Files">
      <UniqueIdentifier>{094282df-4b81-4535-904d-4d06ab8f0e4c}</UniqueIdentifier>
      <Extensions>cpp;c;cxx;rc;def;r;odl;idl;hpj;bat</Extensions>
    </Filter>
    <Filter Include="Header Files">
      <UniqueIdentifier>{a2ed5d43-0994-47b1-b9b3-a88e730f8b40}</UniqueIdentifier>
      <Extensions>h;hpp;hxx;hm;inl</Extensions>
    </Filter>
    <Filter Include="Resource Files">
      <UniqueIdentifier>{742cbe58-f6da-4b3a-8a0b-134ad20170d7}</UniqueIdentifier>
      <Extensions>ico;cur;bmp;dlg;rc2;rct;bin;rgs;gif;jpg;jpeg;jpe</Extensions>
    </Filter>
    <Filter Include="ClientSession">
      <UniqueIdentifier>{63fdccde-f4d4-435f-a2dd-78a5996a4291}</UniqueIdentifier>
    </Filter>
  </ItemGroup>
  <ItemGroup>
    <ClCompile Include="adaptor.cpp">
      <Filter>Source Files</Filter>
    </ClCompile>
    <ClCompile Include="RelayClientDLL.cpp">
      <Filter>Source Files</Filter>
    </ClCompile>
    <ClCompile Include="RelayDVR.cpp">
      <Filter>Source Files</Filter>
    </ClCompile>
    <ClCompile Include="StdAfx.cpp">
      <Filter>Source Files</Filter>
    </ClCompile>
    <ClCompile Include="..\RelayServer\RTSPClientLib\ClientSession.cpp">
      <Filter>ClientSession</Filter>
    </ClCompile>
    <ClCompile Include="ClientSession_Channel.cpp">
      <Filter>ClientSession</Filter>
    </ClCompile>
    <ClCompile Include="..\RelayServer\RTSPClientLib\ClientSocket.cpp">
      <Filter>ClientSession</Filter>
    </ClCompile>
    <ClCompile Include="..\RelayServer\CommonUtilitiesLib\myPrintf.cpp">
      <Filter>ClientSession</Filter>
    </ClCompile>
    <ClCompile Include="..\RelayServer\OSMemoryLib\OSMemory.cpp">
      <Filter>ClientSession</Filter>
    </ClCompile>
    <ClCompile Include="..\RelayServer\RTSPClientLib\RTSPClient.cpp">
      <Filter>ClientSession</Filter>
    </ClCompile>
  </ItemGroup>
  <ItemGroup>
    <ClInclude Include="..\RelayServer\RTSPClientLib\ClientSession.h">
      <Filter>Header Files</Filter>
    </ClInclude>
    <ClInclude Include="RelayDVR.h">
      <Filter>Header Files</Filter>
    </ClInclude>
  </ItemGroup>
  <ItemGroup>
    <ResourceCompile Include="RelayClientDLL.rc">
      <Filter>Resource Files</Filter>
    </ResourceCompile>
  </ItemGroup>
  <ItemGroup>
    <None Include="ReadMe.txt" />
  </ItemGroup>
</Project>