<?xml version="1.0" encoding="utf-8"?>
<Project ToolsVersion="4.0" xmlns="http://schemas.microsoft.com/developer/msbuild/2003">
  <ItemGroup>
    <Filter Include="Source Files">
      <UniqueIdentifier>{ffa50288-f96d-44df-8b2a-41ee630482bc}</UniqueIdentifier>
      <Extensions>cpp;c;cxx;rc;def;r;odl;idl;hpj;bat</Extensions>
    </Filter>
    <Filter Include="Header Files">
      <UniqueIdentifier>{2af8fd58-4450-482a-8409-e5e8be824a64}</UniqueIdentifier>
      <Extensions>h;hpp;hxx;hm;inl</Extensions>
    </Filter>
    <Filter Include="Resource Files">
      <UniqueIdentifier>{238b4bd6-c555-4b77-82df-77cdd75256d8}</UniqueIdentifier>
      <Extensions>ico;cur;bmp;dlg;rc2;rct;bin;rgs;gif;jpg;jpeg;jpe</Extensions>
    </Filter>
    <Filter Include="ClientSession">
      <UniqueIdentifier>{b52caa5c-7df7-4f0e-b293-8361b27360fa}</UniqueIdentifier>
    </Filter>
  </ItemGroup>
  <ItemGroup>
    <ClCompile Include="adaptor.cpp">
      <Filter>Source Files</Filter>
    </ClCompile>
    <ClCompile Include="RelayClientDLL.cpp">
      <Filter>Source Files</Filter>
    </ClCompile>
    <ClCompile Include="RelayDVR.cpp">
      <Filter>Source Files</Filter>
    </ClCompile>
    <ClCompile Include="StdAfx.cpp">
      <Filter>Source Files</Filter>
    </ClCompile>
    <ClCompile Include="..\RelayServer\RTSPClientLib\ClientSession.cpp">
      <Filter>ClientSession</Filter>
    </ClCompile>
    <ClCompile Include="ClientSession_Channel.cpp">
      <Filter>ClientSession</Filter>
    </ClCompile>
    <ClCompile Include="..\RelayServer\RTSPClientLib\ClientSocket.cpp">
      <Filter>ClientSession</Filter>
    </ClCompile>
    <ClCompile Include="..\RelayServer\CommonUtilitiesLib\myPrintf.cpp">
      <Filter>ClientSession</Filter>
    </ClCompile>
    <ClCompile Include="..\RelayServer\OSMemoryLib\OSMemory.cpp">
      <Filter>ClientSession</Filter>
    </ClCompile>
    <ClCompile Include="..\RelayServer\RTSPClientLib\RTSPClient.cpp">
      <Filter>ClientSession</Filter>
    </ClCompile>
  </ItemGroup>
  <ItemGroup>
    <ClInclude Include="..\RelayServer\RTSPClientLib\ClientSession.h">
      <Filter>Header Files</Filter>
    </ClInclude>
    <ClInclude Include="RelayDVR.h">
      <Filter>Header Files</Filter>
    </ClInclude>
  </ItemGroup>
  <ItemGroup>
    <ResourceCompile Include="RelayClientDLL.rc">
      <Filter>Resource Files</Filter>
    </ResourceCompile>
  </ItemGroup>
  <ItemGroup>
    <None Include="ReadMe.txt" />
  </ItemGroup>
</Project>